
Microsoft Visual Studio Solution File, Format Version 12.00
# Visual Studio Version 17
VisualStudioVersion = 17.10.34928.147
MinimumVisualStudioVersion = 10.0.40219.1
Project("{FAE04EC0-301F-11D3-BF4B-00C04F79EFBC}") = "GeneQueenC#", "GeneQueenC#\GeneQueenC#.csproj", "{A4358F51-4E08-40E0-AE70-344789491F07}"
EndProject
Global
	GlobalSection(SolutionConfigurationPlatforms) = preSolution
		Debug|Any CPU = Debug|Any CPU
		Release|Any CPU = Release|Any CPU
	EndGlobalSection
	GlobalSection(ProjectConfigurationPlatforms) = postSolution
		{A4358F51-4E08-40E0-AE70-344789491F07}.Debug|Any CPU.ActiveCfg = Debug|Any CPU
		{A4358F51-4E08-40E0-AE70-344789491F07}.Debug|Any CPU.Build.0 = Debug|Any CPU
		{A4358F51-4E08-40E0-AE70-344789491F07}.Release|Any CPU.ActiveCfg = Release|Any CPU
		{A4358F51-4E08-40E0-AE70-344789491F07}.Release|Any CPU.Build.0 = Release|Any CPU
	EndGlobalSection
	GlobalSection(SolutionProperties) = preSolution
		HideSolutionNode = FALSE
	EndGlobalSection
	GlobalSection(ExtensibilityGlobals) = postSolution
		SolutionGuid = {2B8BF807-BAD3-4213-9CE0-1D83B05140B2}
	EndGlobalSection
EndGlobal
